
Microsoft Visual Studio Solution File, Format Version 12.00
# Visual Studio Version 17
VisualStudioVersion = 17.5.002.0
MinimumVisualStudioVersion = 10.0.40219.1
Project("{2150E333-8FDC-42A3-9474-1A3956D46DE8}") = "sandbox", "sandbox", "{FF10BC6E-2BEA-4FA6-BC74-55EFA6BE24B2}"
EndProject
Project("{9A19103F-16F7-4668-BE54-9A1E7A4F7556}") = "sandbox_project", "sandbox\sandbox_project\sandbox_project.csproj", "{0C856BC8-8225-4F38-86FC-E322620F2264}"
EndProject
Project("{2150E333-8FDC-42A3-9474-1A3956D46DE8}") = "week01", "week01", "{C49783A1-58E2-4BF4-B4E8-6A99B42BCC7A}"
EndProject
Project("{9A19103F-16F7-4668-BE54-9A1E7A4F7556}") = "analyze", "week01\analyze\analyze.csproj", "{3CA2108B-A2F3-471D-A38C-B109AA604A3F}"
EndProject
Project("{9A19103F-16F7-4668-BE54-9A1E7A4F7556}") = "code", "week01\code\code.csproj", "{A1B4EAF0-4A87-4C6A-BA82-B224334B54E2}"
EndProject
Project("{9A19103F-16F7-4668-BE54-9A1E7A4F7556}") = "teach", "week01\teach\teach.csproj", "{E9D8B626-2703-400B-954A-567E8753970B}"
EndProject
Project("{2150E333-8FDC-42A3-9474-1A3956D46DE8}") = "week02", "week02", "{34E4FD33-526B-43CC-90F7-FF60B7D806AA}"
EndProject
Project("{9A19103F-16F7-4668-BE54-9A1E7A4F7556}") = "analyze", "week02\analyze\analyze.csproj", "{CEBC7140-7FD6-4A2C-ABE5-33B4E4B140F4}"
EndProject
Project("{9A19103F-16F7-4668-BE54-9A1E7A4F7556}") = "code", "week02\code\code.csproj", "{9D897BE0-8ADD-4218-9444-F44D62E40671}"
EndProject
Project("{9A19103F-16F7-4668-BE54-9A1E7A4F7556}") = "learn", "week02\learn\learn.csproj", "{F5BCB3A5-C143-4DEA-97D8-85F678C65124}"
EndProject
Project("{9A19103F-16F7-4668-BE54-9A1E7A4F7556}") = "teach", "week02\teach\teach.csproj", "{687906E0-51E6-4A2B-80CF-8F51CCAD3C2C}"
EndProject
Project("{2150E333-8FDC-42A3-9474-1A3956D46DE8}") = "week03", "week03", "{DAC5D011-00A2-496D-8FB0-8DCFAEACE11D}"
EndProject
Project("{9A19103F-16F7-4668-BE54-9A1E7A4F7556}") = "code", "week03\code\code.csproj", "{5A017589-207B-4668-800C-A59D30175046}"
EndProject
Project("{9A19103F-16F7-4668-BE54-9A1E7A4F7556}") = "learn", "week03\learn\learn.csproj", "{CD434AD2-94C5-408E-B8D7-CFBCBA054265}"
EndProject
Project("{9A19103F-16F7-4668-BE54-9A1E7A4F7556}") = "teach", "week03\teach\teach.csproj", "{549C716A-1CB3-4D9C-B2A7-A7DB2B4DBCD0}"
EndProject
Project("{2150E333-8FDC-42A3-9474-1A3956D46DE8}") = "week04", "week04", "{ECC94C44-0871-40FB-9659-38A9F8594B75}"
EndProject
Project("{9A19103F-16F7-4668-BE54-9A1E7A4F7556}") = "code", "week04\code\code.csproj", "{7169AFC1-A685-41D2-8411-74134CFBBDAE}"
EndProject
Project("{2150E333-8FDC-42A3-9474-1A3956D46DE8}") = "week05", "week05", "{3BFF9023-6B91-4FC8-A28C-CE728CE08EF1}"
EndProject
Project("{9A19103F-16F7-4668-BE54-9A1E7A4F7556}") = "code", "week05\code\code.csproj", "{4A970C5C-AAC1-4451-8F84-6F8C837D0013}"
EndProject
Project("{2150E333-8FDC-42A3-9474-1A3956D46DE8}") = "week06", "week06", "{920A525C-1129-4109-A639-F11E45FB69F5}"
EndProject
Project("{9A19103F-16F7-4668-BE54-9A1E7A4F7556}") = "code", "week06\code\code.csproj", "{FF8458B9-4A25-4D17-9700-F99623BE37AA}"
EndProject
Global
	GlobalSection(SolutionConfigurationPlatforms) = preSolution
		Debug|Any CPU = Debug|Any CPU
		Release|Any CPU = Release|Any CPU
	EndGlobalSection
	GlobalSection(ProjectConfigurationPlatforms) = postSolution
		{0C856BC8-8225-4F38-86FC-E322620F2264}.Debug|Any CPU.ActiveCfg = Debug|Any CPU
		{0C856BC8-8225-4F38-86FC-E322620F2264}.Debug|Any CPU.Build.0 = Debug|Any CPU
		{0C856BC8-8225-4F38-86FC-E322620F2264}.Release|Any CPU.ActiveCfg = Release|Any CPU
		{0C856BC8-8225-4F38-86FC-E322620F2264}.Release|Any CPU.Build.0 = Release|Any CPU
		{3CA2108B-A2F3-471D-A38C-B109AA604A3F}.Debug|Any CPU.ActiveCfg = Debug|Any CPU
		{3CA2108B-A2F3-471D-A38C-B109AA604A3F}.Debug|Any CPU.Build.0 = Debug|Any CPU
		{3CA2108B-A2F3-471D-A38C-B109AA604A3F}.Release|Any CPU.ActiveCfg = Release|Any CPU
		{3CA2108B-A2F3-471D-A38C-B109AA604A3F}.Release|Any CPU.Build.0 = Release|Any CPU
		{A1B4EAF0-4A87-4C6A-BA82-B224334B54E2}.Debug|Any CPU.ActiveCfg = Debug|Any CPU
		{A1B4EAF0-4A87-4C6A-BA82-B224334B54E2}.Debug|Any CPU.Build.0 = Debug|Any CPU
		{A1B4EAF0-4A87-4C6A-BA82-B224334B54E2}.Release|Any CPU.ActiveCfg = Release|Any CPU
		{A1B4EAF0-4A87-4C6A-BA82-B224334B54E2}.Release|Any CPU.Build.0 = Release|Any CPU
		{E9D8B626-2703-400B-954A-567E8753970B}.Debug|Any CPU.ActiveCfg = Debug|Any CPU
		{E9D8B626-2703-400B-954A-567E8753970B}.Debug|Any CPU.Build.0 = Debug|Any CPU
		{E9D8B626-2703-400B-954A-567E8753970B}.Release|Any CPU.ActiveCfg = Release|Any CPU
		{E9D8B626-2703-400B-954A-567E8753970B}.Release|Any CPU.Build.0 = Release|Any CPU
		{CEBC7140-7FD6-4A2C-ABE5-33B4E4B140F4}.Debug|Any CPU.ActiveCfg = Debug|Any CPU
		{CEBC7140-7FD6-4A2C-ABE5-33B4E4B140F4}.Debug|Any CPU.Build.0 = Debug|Any CPU
		{CEBC7140-7FD6-4A2C-ABE5-33B4E4B140F4}.Release|Any CPU.ActiveCfg = Release|Any CPU
		{CEBC7140-7FD6-4A2C-ABE5-33B4E4B140F4}.Release|Any CPU.Build.0 = Release|Any CPU
		{9D897BE0-8ADD-4218-9444-F44D62E40671}.Debug|Any CPU.ActiveCfg = Debug|Any CPU
		{9D897BE0-8ADD-4218-9444-F44D62E40671}.Debug|Any CPU.Build.0 = Debug|Any CPU
		{9D897BE0-8ADD-4218-9444-F44D62E40671}.Release|Any CPU.ActiveCfg = Release|Any CPU
		{9D897BE0-8ADD-4218-9444-F44D62E40671}.Release|Any CPU.Build.0 = Release|Any CPU
		{F5BCB3A5-C143-4DEA-97D8-85F678C65124}.Debug|Any CPU.ActiveCfg = Debug|Any CPU
		{F5BCB3A5-C143-4DEA-97D8-85F678C65124}.Debug|Any CPU.Build.0 = Debug|Any CPU
		{F5BCB3A5-C143-4DEA-97D8-85F678C65124}.Release|Any CPU.ActiveCfg = Release|Any CPU
		{F5BCB3A5-C143-4DEA-97D8-85F678C65124}.Release|Any CPU.Build.0 = Release|Any CPU
		{687906E0-51E6-4A2B-80CF-8F51CCAD3C2C}.Debug|Any CPU.ActiveCfg = Debug|Any CPU
		{687906E0-51E6-4A2B-80CF-8F51CCAD3C2C}.Debug|Any CPU.Build.0 = Debug|Any CPU
		{687906E0-51E6-4A2B-80CF-8F51CCAD3C2C}.Release|Any CPU.ActiveCfg = Release|Any CPU
		{687906E0-51E6-4A2B-80CF-8F51CCAD3C2C}.Release|Any CPU.Build.0 = Release|Any CPU
		{5A017589-207B-4668-800C-A59D30175046}.Debug|Any CPU.ActiveCfg = Debug|Any CPU
		{5A017589-207B-4668-800C-A59D30175046}.Debug|Any CPU.Build.0 = Debug|Any CPU
		{5A017589-207B-4668-800C-A59D30175046}.Release|Any CPU.ActiveCfg = Release|Any CPU
		{5A017589-207B-4668-800C-A59D30175046}.Release|Any CPU.Build.0 = Release|Any CPU
		{CD434AD2-94C5-408E-B8D7-CFBCBA054265}.Debug|Any CPU.ActiveCfg = Debug|Any CPU
		{CD434AD2-94C5-408E-B8D7-CFBCBA054265}.Debug|Any CPU.Build.0 = Debug|Any CPU
		{CD434AD2-94C5-408E-B8D7-CFBCBA054265}.Release|Any CPU.ActiveCfg = Release|Any CPU
		{CD434AD2-94C5-408E-B8D7-CFBCBA054265}.Release|Any CPU.Build.0 = Release|Any CPU
		{549C716A-1CB3-4D9C-B2A7-A7DB2B4DBCD0}.Debug|Any CPU.ActiveCfg = Debug|Any CPU
		{549C716A-1CB3-4D9C-B2A7-A7DB2B4DBCD0}.Debug|Any CPU.Build.0 = Debug|Any CPU
		{549C716A-1CB3-4D9C-B2A7-A7DB2B4DBCD0}.Release|Any CPU.ActiveCfg = Release|Any CPU
		{549C716A-1CB3-4D9C-B2A7-A7DB2B4DBCD0}.Release|Any CPU.Build.0 = Release|Any CPU
		{7169AFC1-A685-41D2-8411-74134CFBBDAE}.Debug|Any CPU.ActiveCfg = Debug|Any CPU
		{7169AFC1-A685-41D2-8411-74134CFBBDAE}.Debug|Any CPU.Build.0 = Debug|Any CPU
		{7169AFC1-A685-41D2-8411-74134CFBBDAE}.Release|Any CPU.ActiveCfg = Release|Any CPU
		{7169AFC1-A685-41D2-8411-74134CFBBDAE}.Release|Any CPU.Build.0 = Release|Any CPU
		{4A970C5C-AAC1-4451-8F84-6F8C837D0013}.Debug|Any CPU.ActiveCfg = Debug|Any CPU
		{4A970C5C-AAC1-4451-8F84-6F8C837D0013}.Debug|Any CPU.Build.0 = Debug|Any CPU
		{4A970C5C-AAC1-4451-8F84-6F8C837D0013}.Release|Any CPU.ActiveCfg = Release|Any CPU
		{4A970C5C-AAC1-4451-8F84-6F8C837D0013}.Release|Any CPU.Build.0 = Release|Any CPU
		{FF8458B9-4A25-4D17-9700-F99623BE37AA}.Debug|Any CPU.ActiveCfg = Debug|Any CPU
		{FF8458B9-4A25-4D17-9700-F99623BE37AA}.Debug|Any CPU.Build.0 = Debug|Any CPU
		{FF8458B9-4A25-4D17-9700-F99623BE37AA}.Release|Any CPU.ActiveCfg = Release|Any CPU
		{FF8458B9-4A25-4D17-9700-F99623BE37AA}.Release|Any CPU.Build.0 = Release|Any CPU
	EndGlobalSection
	GlobalSection(SolutionProperties) = preSolution
		HideSolutionNode = FALSE
	EndGlobalSection
	GlobalSection(NestedProjects) = preSolution
		{0C856BC8-8225-4F38-86FC-E322620F2264} = {FF10BC6E-2BEA-4FA6-BC74-55EFA6BE24B2}
		{3CA2108B-A2F3-471D-A38C-B109AA604A3F} = {C49783A1-58E2-4BF4-B4E8-6A99B42BCC7A}
		{A1B4EAF0-4A87-4C6A-BA82-B224334B54E2} = {C49783A1-58E2-4BF4-B4E8-6A99B42BCC7A}
		{E9D8B626-2703-400B-954A-567E8753970B} = {C49783A1-58E2-4BF4-B4E8-6A99B42BCC7A}
		{CEBC7140-7FD6-4A2C-ABE5-33B4E4B140F4} = {34E4FD33-526B-43CC-90F7-FF60B7D806AA}
		{9D897BE0-8ADD-4218-9444-F44D62E40671} = {34E4FD33-526B-43CC-90F7-FF60B7D806AA}
		{F5BCB3A5-C143-4DEA-97D8-85F678C65124} = {34E4FD33-526B-43CC-90F7-FF60B7D806AA}
		{687906E0-51E6-4A2B-80CF-8F51CCAD3C2C} = {34E4FD33-526B-43CC-90F7-FF60B7D806AA}
		{5A017589-207B-4668-800C-A59D30175046} = {DAC5D011-00A2-496D-8FB0-8DCFAEACE11D}
		{CD434AD2-94C5-408E-B8D7-CFBCBA054265} = {DAC5D011-00A2-496D-8FB0-8DCFAEACE11D}
		{549C716A-1CB3-4D9C-B2A7-A7DB2B4DBCD0} = {DAC5D011-00A2-496D-8FB0-8DCFAEACE11D}
		{7169AFC1-A685-41D2-8411-74134CFBBDAE} = {ECC94C44-0871-40FB-9659-38A9F8594B75}
		{4A970C5C-AAC1-4451-8F84-6F8C837D0013} = {3BFF9023-6B91-4FC8-A28C-CE728CE08EF1}
		{FF8458B9-4A25-4D17-9700-F99623BE37AA} = {920A525C-1129-4109-A639-F11E45FB69F5}
	EndGlobalSection
	GlobalSection(ExtensibilityGlobals) = postSolution
		SolutionGuid = {A50037F7-F6A8-482A-AFA2-B48672DAE351}
	EndGlobalSection
EndGlobal
